
Microsoft Visual Studio Solution File, Format Version 12.00
# Visual Studio 15
Project("{FAE04EC0-301F-11D3-BF4B-00C04F79EFBC}") = "UnityEngine.TestRunner", "UnityEngine.TestRunner.csproj", "{5A756163-408A-A877-CD86-F4B835AC9FC0}"
EndProject
Project("{FAE04EC0-301F-11D3-BF4B-00C04F79EFBC}") = "UnityEngine.UI", "UnityEngine.UI.csproj", "{8CAC550E-AEF1-B8E6-58AE-0DDDCBA30568}"
EndProject
Project("{FAE04EC0-301F-11D3-BF4B-00C04F79EFBC}") = "Unity.TextMeshPro", "Unity.TextMeshPro.csproj", "{28CD4DE2-1E09-4A83-4CCA-77A8AA0AB728}"
EndProject
Project("{FAE04EC0-301F-11D3-BF4B-00C04F79EFBC}") = "Unity.Timeline", "Unity.Timeline.csproj", "{CC2F6A06-C901-E6A5-E861-C22588E4B2DF}"
EndProject
Project("{FAE04EC0-301F-11D3-BF4B-00C04F79EFBC}") = "Assembly-CSharp", "Assembly-CSharp.csproj", "{5D685A28-1F58-D3DF-ABAB-C6EAC56B02DB}"
EndProject
Project("{FAE04EC0-301F-11D3-BF4B-00C04F79EFBC}") = "UnityEditor.TestRunner", "UnityEditor.TestRunner.csproj", "{8DDF96EB-E361-0FD5-CEE1-D0CAD2A88C12}"
EndProject
Project("{FAE04EC0-301F-11D3-BF4B-00C04F79EFBC}") = "Unity.TextMeshPro.Editor", "Unity.TextMeshPro.Editor.csproj", "{21F6EA13-CE45-9493-BB66-D8D24439C70F}"
EndProject
Project("{FAE04EC0-301F-11D3-BF4B-00C04F79EFBC}") = "Unity.Timeline.Editor", "Unity.Timeline.Editor.csproj", "{A4935754-7E7F-CE35-7DB9-E9589BB59FAD}"
EndProject
Project("{FAE04EC0-301F-11D3-BF4B-00C04F79EFBC}") = "Unity.PlasticSCM.Editor", "Unity.PlasticSCM.Editor.csproj", "{80B01018-122B-86DF-FDBE-B200373F35B4}"
EndProject
Project("{FAE04EC0-301F-11D3-BF4B-00C04F79EFBC}") = "Unity.Rider.Editor", "Unity.Rider.Editor.csproj", "{EC767D7F-3938-E449-2BF8-007ADE220137}"
EndProject
Project("{FAE04EC0-301F-11D3-BF4B-00C04F79EFBC}") = "UnityEditor.UI", "UnityEditor.UI.csproj", "{890C8236-77C3-1FBB-C9F9-507DA7B4B31A}"
EndProject
Project("{FAE04EC0-301F-11D3-BF4B-00C04F79EFBC}") = "Unity.VSCode.Editor", "Unity.VSCode.Editor.csproj", "{F481F156-9FE1-CA06-B477-00B14784B10C}"
EndProject
Project("{FAE04EC0-301F-11D3-BF4B-00C04F79EFBC}") = "Unity.CollabProxy.Editor", "Unity.CollabProxy.Editor.csproj", "{A00839D7-E89D-7CA3-2377-F95E13B7FEA5}"
EndProject
Project("{FAE04EC0-301F-11D3-BF4B-00C04F79EFBC}") = "Assembly-CSharp.Player", "Assembly-CSharp.Player.csproj", "{6066E543-6188-A440-E372-875A7F02E00F}"
EndProject
Global
	GlobalSection(SolutionConfigurationPlatforms) = preSolution
		Debug|Any CPU = Debug|Any CPU
		Release|Any CPU = Release|Any CPU
	EndGlobalSection
	GlobalSection(ProjectConfigurationPlatforms) = postSolution
		{5A756163-408A-A877-CD86-F4B835AC9FC0}.Debug|Any CPU.ActiveCfg = Debug|Any CPU
		{5A756163-408A-A877-CD86-F4B835AC9FC0}.Debug|Any CPU.Build.0 = Debug|Any CPU
		{5A756163-408A-A877-CD86-F4B835AC9FC0}.Release|Any CPU.ActiveCfg = Release|Any CPU
		{5A756163-408A-A877-CD86-F4B835AC9FC0}.Release|Any CPU.Build.0 = Release|Any CPU
		{8CAC550E-AEF1-B8E6-58AE-0DDDCBA30568}.Debug|Any CPU.ActiveCfg = Debug|Any CPU
		{8CAC550E-AEF1-B8E6-58AE-0DDDCBA30568}.Debug|Any CPU.Build.0 = Debug|Any CPU
		{8CAC550E-AEF1-B8E6-58AE-0DDDCBA30568}.Release|Any CPU.ActiveCfg = Release|Any CPU
		{8CAC550E-AEF1-B8E6-58AE-0DDDCBA30568}.Release|Any CPU.Build.0 = Release|Any CPU
		{28CD4DE2-1E09-4A83-4CCA-77A8AA0AB728}.Debug|Any CPU.ActiveCfg = Debug|Any CPU
		{28CD4DE2-1E09-4A83-4CCA-77A8AA0AB728}.Debug|Any CPU.Build.0 = Debug|Any CPU
		{28CD4DE2-1E09-4A83-4CCA-77A8AA0AB728}.Release|Any CPU.ActiveCfg = Release|Any CPU
		{28CD4DE2-1E09-4A83-4CCA-77A8AA0AB728}.Release|Any CPU.Build.0 = Release|Any CPU
		{CC2F6A06-C901-E6A5-E861-C22588E4B2DF}.Debug|Any CPU.ActiveCfg = Debug|Any CPU
		{CC2F6A06-C901-E6A5-E861-C22588E4B2DF}.Debug|Any CPU.Build.0 = Debug|Any CPU
		{CC2F6A06-C901-E6A5-E861-C22588E4B2DF}.Release|Any CPU.ActiveCfg = Release|Any CPU
		{CC2F6A06-C901-E6A5-E861-C22588E4B2DF}.Release|Any CPU.Build.0 = Release|Any CPU
		{5D685A28-1F58-D3DF-ABAB-C6EAC56B02DB}.Debug|Any CPU.ActiveCfg = Debug|Any CPU
		{5D685A28-1F58-D3DF-ABAB-C6EAC56B02DB}.Debug|Any CPU.Build.0 = Debug|Any CPU
		{5D685A28-1F58-D3DF-ABAB-C6EAC56B02DB}.Release|Any CPU.ActiveCfg = Release|Any CPU
		{5D685A28-1F58-D3DF-ABAB-C6EAC56B02DB}.Release|Any CPU.Build.0 = Release|Any CPU
		{8DDF96EB-E361-0FD5-CEE1-D0CAD2A88C12}.Debug|Any CPU.ActiveCfg = Debug|Any CPU
		{8DDF96EB-E361-0FD5-CEE1-D0CAD2A88C12}.Debug|Any CPU.Build.0 = Debug|Any CPU
		{8DDF96EB-E361-0FD5-CEE1-D0CAD2A88C12}.Release|Any CPU.ActiveCfg = Release|Any CPU
		{8DDF96EB-E361-0FD5-CEE1-D0CAD2A88C12}.Release|Any CPU.Build.0 = Release|Any CPU
		{21F6EA13-CE45-9493-BB66-D8D24439C70F}.Debug|Any CPU.ActiveCfg = Debug|Any CPU
		{21F6EA13-CE45-9493-BB66-D8D24439C70F}.Debug|Any CPU.Build.0 = Debug|Any CPU
		{21F6EA13-CE45-9493-BB66-D8D24439C70F}.Release|Any CPU.ActiveCfg = Release|Any CPU
		{21F6EA13-CE45-9493-BB66-D8D24439C70F}.Release|Any CPU.Build.0 = Release|Any CPU
		{A4935754-7E7F-CE35-7DB9-E9589BB59FAD}.Debug|Any CPU.ActiveCfg = Debug|Any CPU
		{A4935754-7E7F-CE35-7DB9-E9589BB59FAD}.Debug|Any CPU.Build.0 = Debug|Any CPU
		{A4935754-7E7F-CE35-7DB9-E9589BB59FAD}.Release|Any CPU.ActiveCfg = Release|Any CPU
		{A4935754-7E7F-CE35-7DB9-E9589BB59FAD}.Release|Any CPU.Build.0 = Release|Any CPU
		{80B01018-122B-86DF-FDBE-B200373F35B4}.Debug|Any CPU.ActiveCfg = Debug|Any CPU
		{80B01018-122B-86DF-FDBE-B200373F35B4}.Debug|Any CPU.Build.0 = Debug|Any CPU
		{80B01018-122B-86DF-FDBE-B200373F35B4}.Release|Any CPU.ActiveCfg = Release|Any CPU
		{80B01018-122B-86DF-FDBE-B200373F35B4}.Release|Any CPU.Build.0 = Release|Any CPU
		{EC767D7F-3938-E449-2BF8-007ADE220137}.Debug|Any CPU.ActiveCfg = Debug|Any CPU
		{EC767D7F-3938-E449-2BF8-007ADE220137}.Debug|Any CPU.Build.0 = Debug|Any CPU
		{EC767D7F-3938-E449-2BF8-007ADE220137}.Release|Any CPU.ActiveCfg = Release|Any CPU
		{EC767D7F-3938-E449-2BF8-007ADE220137}.Release|Any CPU.Build.0 = Release|Any CPU
		{890C8236-77C3-1FBB-C9F9-507DA7B4B31A}.Debug|Any CPU.ActiveCfg = Debug|Any CPU
		{890C8236-77C3-1FBB-C9F9-507DA7B4B31A}.Debug|Any CPU.Build.0 = Debug|Any CPU
		{890C8236-77C3-1FBB-C9F9-507DA7B4B31A}.Release|Any CPU.ActiveCfg = Release|Any CPU
		{890C8236-77C3-1FBB-C9F9-507DA7B4B31A}.Release|Any CPU.Build.0 = Release|Any CPU
		{F481F156-9FE1-CA06-B477-00B14784B10C}.Debug|Any CPU.ActiveCfg = Debug|Any CPU
		{F481F156-9FE1-CA06-B477-00B14784B10C}.Debug|Any CPU.Build.0 = Debug|Any CPU
		{F481F156-9FE1-CA06-B477-00B14784B10C}.Release|Any CPU.ActiveCfg = Release|Any CPU
		{F481F156-9FE1-CA06-B477-00B14784B10C}.Release|Any CPU.Build.0 = Release|Any CPU
		{A00839D7-E89D-7CA3-2377-F95E13B7FEA5}.Debug|Any CPU.ActiveCfg = Debug|Any CPU
		{A00839D7-E89D-7CA3-2377-F95E13B7FEA5}.Debug|Any CPU.Build.0 = Debug|Any CPU
		{A00839D7-E89D-7CA3-2377-F95E13B7FEA5}.Release|Any CPU.ActiveCfg = Release|Any CPU
		{A00839D7-E89D-7CA3-2377-F95E13B7FEA5}.Release|Any CPU.Build.0 = Release|Any CPU
		{6066E543-6188-A440-E372-875A7F02E00F}.Debug|Any CPU.ActiveCfg = Debug|Any CPU
		{6066E543-6188-A440-E372-875A7F02E00F}.Debug|Any CPU.Build.0 = Debug|Any CPU
		{6066E543-6188-A440-E372-875A7F02E00F}.Release|Any CPU.ActiveCfg = Release|Any CPU
		{6066E543-6188-A440-E372-875A7F02E00F}.Release|Any CPU.Build.0 = Release|Any CPU
	EndGlobalSection
	GlobalSection(SolutionProperties) = preSolution
		HideSolutionNode = FALSE
	EndGlobalSection
EndGlobal
